<?xml version="1.0" encoding="UTF-8" standalone="yes" ?>
<CodeBlocks_project_file>
	<FileVersion major="1" minor="6" />
	<Project>
		<Option title="AISystem" />
		<Option pch_mode="2" />
		<Option compiler="gcc" />
		<Build>
			<Target title="Release">
				<Option output="bin/Release/AISystem" prefix_auto="1" extension_auto="1" />
				<Option object_output="obj/Release/" />
				<Option type="1" />
				<Option compiler="gcc" />
				<Compiler>
					<Add option="-O2" />
					<Add option="-I ./include/" />
					<Add option="-I ./AI/" />
				</Compiler>
				<Linker>
					<Add option="-s" />
				</Linker>
			</Target>
		</Build>
		<Compiler>
			<Add option="-Wall" />
		</Compiler>
		<Unit filename="AI/TAAI.cpp" />
		<Unit filename="AI/TAAI.h" />
		<Unit filename="AI/st20.cpp" />
		<Unit filename="AI/st20.h" />
		<Unit filename="AI/st26(sp).h" />
		<Unit filename="AI/st26.h" />
		<Unit filename="AI/st31.cpp" />
		<Unit filename="AI/st31.h" />
		<Unit filename="AI/st32.cpp" />
		<Unit filename="AI/st32.h" />
		<Unit filename="AI/st34.cpp" />
		<Unit filename="AI/st34.h" />
		<Unit filename="AI/st35.cpp" />
		<Unit filename="AI/st35.h" />
		<Unit filename="include/env.h" />
		<Unit filename="include/fish.h" />
		<Unit filename="include/utildef.h" />
		<Unit filename="main.cpp" />
		<Unit filename="src/env.cpp" />
		<Unit filename="src/fish.cpp" />
		<Extensions>
			<code_completion />
			<debugger />
			<envvars />
		</Extensions>
	</Project>
</CodeBlocks_project_file>
